
Microsoft Visual Studio Solution File, Format Version 12.00
# Visual Studio Version 17
VisualStudioVersion = 17.11.35312.102
MinimumVisualStudioVersion = 10.0.40219.1
Project("{2150E333-8FDC-42A3-9474-1A3956D46DE8}") = "Services", "Services", "{B02D41CB-7788-458E-9475-CCC1BC446FA3}"
EndProject
Project("{9A19103F-16F7-4668-BE54-9A1E7A4F7556}") = "Product.API", "Services\Product.API\Product.API.csproj", "{7F741618-EFEF-4642-A952-9973583BE9CF}"
EndProject
Project("{9A19103F-16F7-4668-BE54-9A1E7A4F7556}") = "Inventory.API", "Services\Inventory.API\Inventory.API.csproj", "{781882EB-4C76-4EA6-A30B-7ADFFE2DA851}"
EndProject
Project("{9A19103F-16F7-4668-BE54-9A1E7A4F7556}") = "ApiGateway", "Services\ApiGateway\ApiGateway.csproj", "{B774E740-473D-4A82-810F-C6891FD60713}"
EndProject
Project("{2150E333-8FDC-42A3-9474-1A3956D46DE8}") = "src", "src", "{4B35CB54-1A87-48F0-9D1D-89F49A9984A7}"
EndProject
Global
	GlobalSection(SolutionConfigurationPlatforms) = preSolution
		Debug|Any CPU = Debug|Any CPU
		Release|Any CPU = Release|Any CPU
	EndGlobalSection
	GlobalSection(ProjectConfigurationPlatforms) = postSolution
		{7F741618-EFEF-4642-A952-9973583BE9CF}.Debug|Any CPU.ActiveCfg = Debug|Any CPU
		{7F741618-EFEF-4642-A952-9973583BE9CF}.Debug|Any CPU.Build.0 = Debug|Any CPU
		{7F741618-EFEF-4642-A952-9973583BE9CF}.Release|Any CPU.ActiveCfg = Release|Any CPU
		{7F741618-EFEF-4642-A952-9973583BE9CF}.Release|Any CPU.Build.0 = Release|Any CPU
		{781882EB-4C76-4EA6-A30B-7ADFFE2DA851}.Debug|Any CPU.ActiveCfg = Debug|Any CPU
		{781882EB-4C76-4EA6-A30B-7ADFFE2DA851}.Debug|Any CPU.Build.0 = Debug|Any CPU
		{781882EB-4C76-4EA6-A30B-7ADFFE2DA851}.Release|Any CPU.ActiveCfg = Release|Any CPU
		{781882EB-4C76-4EA6-A30B-7ADFFE2DA851}.Release|Any CPU.Build.0 = Release|Any CPU
		{B774E740-473D-4A82-810F-C6891FD60713}.Debug|Any CPU.ActiveCfg = Debug|Any CPU
		{B774E740-473D-4A82-810F-C6891FD60713}.Debug|Any CPU.Build.0 = Debug|Any CPU
		{B774E740-473D-4A82-810F-C6891FD60713}.Release|Any CPU.ActiveCfg = Release|Any CPU
		{B774E740-473D-4A82-810F-C6891FD60713}.Release|Any CPU.Build.0 = Release|Any CPU
	EndGlobalSection
	GlobalSection(SolutionProperties) = preSolution
		HideSolutionNode = FALSE
	EndGlobalSection
	GlobalSection(NestedProjects) = preSolution
		{B02D41CB-7788-458E-9475-CCC1BC446FA3} = {4B35CB54-1A87-48F0-9D1D-89F49A9984A7}
		{7F741618-EFEF-4642-A952-9973583BE9CF} = {B02D41CB-7788-458E-9475-CCC1BC446FA3}
		{781882EB-4C76-4EA6-A30B-7ADFFE2DA851} = {B02D41CB-7788-458E-9475-CCC1BC446FA3}
		{B774E740-473D-4A82-810F-C6891FD60713} = {B02D41CB-7788-458E-9475-CCC1BC446FA3}
	EndGlobalSection
	GlobalSection(ExtensibilityGlobals) = postSolution
		SolutionGuid = {CB4F8DAE-5D27-4E6D-91A5-53263B567DA3}
	EndGlobalSection
EndGlobal
