
Microsoft Visual Studio Solution File, Format Version 12.00
# Visual Studio Version 17
VisualStudioVersion = 17.11.35312.102
MinimumVisualStudioVersion = 10.0.40219.1
Project("{2150E333-8FDC-42A3-9474-1A3956D46DE8}") = "Services", "Services", "{B02D41CB-7788-458E-9475-CCC1BC446FA3}"
EndProject
Project("{9A19103F-16F7-4668-BE54-9A1E7A4F7556}") = "Product.API", "Services\Product.API\Product.API.csproj", "{7F741618-EFEF-4642-A952-9973583BE9CF}"
EndProject
Project("{9A19103F-16F7-4668-BE54-9A1E7A4F7556}") = "Inventory.API", "Services\Inventory.API\Inventory.API.csproj", "{781882EB-4C76-4EA6-A30B-7ADFFE2DA851}"
EndProject
Project("{9A19103F-16F7-4668-BE54-9A1E7A4F7556}") = "ApiGateway", "Services\ApiGateway\ApiGateway.csproj", "{B774E740-473D-4A82-810F-C6891FD60713}"
EndProject
Project("{2150E333-8FDC-42A3-9474-1A3956D46DE8}") = "src", "src", "{4B35CB54-1A87-48F0-9D1D-89F49A9984A7}"
EndProject
Project("{9A19103F-16F7-4668-BE54-9A1E7A4F7556}") = "User.API", "Services\User.API\User.API.csproj", "{CD66357A-87EF-40EA-AD7A-447C2ADBCCDF}"
EndProject
Project("{9A19103F-16F7-4668-BE54-9A1E7A4F7556}") = "Auth.API", "Services\Auth.API\Auth.API.csproj", "{6A8B4AB0-03E3-4F14-ABA1-092D41DA8558}"
EndProject
Project("{9A19103F-16F7-4668-BE54-9A1E7A4F7556}") = "Notification.API", "Services\Notification.API\Notification.API.csproj", "{5CE2ED00-6C74-42C0-9DEC-025D1A41B07F}"
EndProject
Project("{9A19103F-16F7-4668-BE54-9A1E7A4F7556}") = "Cart.API", "Services\CartService\Cart.API.csproj", "{A79C1CF1-B6FC-4EAB-956A-80F2EE87B4E6}"
EndProject
Project("{FAE04EC0-301F-11D3-BF4B-00C04F79EFBC}") = "Order.API", "Services\Order.API\Order.API.csproj", "{4FE915C8-4580-470D-8C26-DD3436FFB866}"
EndProject
Global
	GlobalSection(SolutionConfigurationPlatforms) = preSolution
		Debug|Any CPU = Debug|Any CPU
		Release|Any CPU = Release|Any CPU
	EndGlobalSection
	GlobalSection(ProjectConfigurationPlatforms) = postSolution
		{7F741618-EFEF-4642-A952-9973583BE9CF}.Debug|Any CPU.ActiveCfg = Debug|Any CPU
		{7F741618-EFEF-4642-A952-9973583BE9CF}.Debug|Any CPU.Build.0 = Debug|Any CPU
		{7F741618-EFEF-4642-A952-9973583BE9CF}.Release|Any CPU.ActiveCfg = Release|Any CPU
		{7F741618-EFEF-4642-A952-9973583BE9CF}.Release|Any CPU.Build.0 = Release|Any CPU
		{781882EB-4C76-4EA6-A30B-7ADFFE2DA851}.Debug|Any CPU.ActiveCfg = Debug|Any CPU
		{781882EB-4C76-4EA6-A30B-7ADFFE2DA851}.Debug|Any CPU.Build.0 = Debug|Any CPU
		{781882EB-4C76-4EA6-A30B-7ADFFE2DA851}.Release|Any CPU.ActiveCfg = Release|Any CPU
		{781882EB-4C76-4EA6-A30B-7ADFFE2DA851}.Release|Any CPU.Build.0 = Release|Any CPU
		{B774E740-473D-4A82-810F-C6891FD60713}.Debug|Any CPU.ActiveCfg = Debug|Any CPU
		{B774E740-473D-4A82-810F-C6891FD60713}.Debug|Any CPU.Build.0 = Debug|Any CPU
		{B774E740-473D-4A82-810F-C6891FD60713}.Release|Any CPU.ActiveCfg = Release|Any CPU
		{B774E740-473D-4A82-810F-C6891FD60713}.Release|Any CPU.Build.0 = Release|Any CPU
		{CD66357A-87EF-40EA-AD7A-447C2ADBCCDF}.Debug|Any CPU.ActiveCfg = Debug|Any CPU
		{CD66357A-87EF-40EA-AD7A-447C2ADBCCDF}.Debug|Any CPU.Build.0 = Debug|Any CPU
		{CD66357A-87EF-40EA-AD7A-447C2ADBCCDF}.Release|Any CPU.ActiveCfg = Release|Any CPU
		{CD66357A-87EF-40EA-AD7A-447C2ADBCCDF}.Release|Any CPU.Build.0 = Release|Any CPU
		{6A8B4AB0-03E3-4F14-ABA1-092D41DA8558}.Debug|Any CPU.ActiveCfg = Debug|Any CPU
		{6A8B4AB0-03E3-4F14-ABA1-092D41DA8558}.Debug|Any CPU.Build.0 = Debug|Any CPU
		{6A8B4AB0-03E3-4F14-ABA1-092D41DA8558}.Release|Any CPU.ActiveCfg = Release|Any CPU
		{6A8B4AB0-03E3-4F14-ABA1-092D41DA8558}.Release|Any CPU.Build.0 = Release|Any CPU
		{5CE2ED00-6C74-42C0-9DEC-025D1A41B07F}.Debug|Any CPU.ActiveCfg = Debug|Any CPU
		{5CE2ED00-6C74-42C0-9DEC-025D1A41B07F}.Debug|Any CPU.Build.0 = Debug|Any CPU
		{5CE2ED00-6C74-42C0-9DEC-025D1A41B07F}.Release|Any CPU.ActiveCfg = Release|Any CPU
		{5CE2ED00-6C74-42C0-9DEC-025D1A41B07F}.Release|Any CPU.Build.0 = Release|Any CPU
		{A79C1CF1-B6FC-4EAB-956A-80F2EE87B4E6}.Debug|Any CPU.ActiveCfg = Debug|Any CPU
		{A79C1CF1-B6FC-4EAB-956A-80F2EE87B4E6}.Debug|Any CPU.Build.0 = Debug|Any CPU
		{A79C1CF1-B6FC-4EAB-956A-80F2EE87B4E6}.Release|Any CPU.ActiveCfg = Release|Any CPU
		{A79C1CF1-B6FC-4EAB-956A-80F2EE87B4E6}.Release|Any CPU.Build.0 = Release|Any CPU
		{4FE915C8-4580-470D-8C26-DD3436FFB866}.Debug|Any CPU.ActiveCfg = Debug|Any CPU
		{4FE915C8-4580-470D-8C26-DD3436FFB866}.Debug|Any CPU.Build.0 = Debug|Any CPU
		{4FE915C8-4580-470D-8C26-DD3436FFB866}.Release|Any CPU.ActiveCfg = Release|Any CPU
		{4FE915C8-4580-470D-8C26-DD3436FFB866}.Release|Any CPU.Build.0 = Release|Any CPU
	EndGlobalSection
	GlobalSection(SolutionProperties) = preSolution
		HideSolutionNode = FALSE
	EndGlobalSection
	GlobalSection(NestedProjects) = preSolution
		{B02D41CB-7788-458E-9475-CCC1BC446FA3} = {4B35CB54-1A87-48F0-9D1D-89F49A9984A7}
		{7F741618-EFEF-4642-A952-9973583BE9CF} = {B02D41CB-7788-458E-9475-CCC1BC446FA3}
		{781882EB-4C76-4EA6-A30B-7ADFFE2DA851} = {B02D41CB-7788-458E-9475-CCC1BC446FA3}
		{B774E740-473D-4A82-810F-C6891FD60713} = {B02D41CB-7788-458E-9475-CCC1BC446FA3}
		{CD66357A-87EF-40EA-AD7A-447C2ADBCCDF} = {B02D41CB-7788-458E-9475-CCC1BC446FA3}
		{6A8B4AB0-03E3-4F14-ABA1-092D41DA8558} = {B02D41CB-7788-458E-9475-CCC1BC446FA3}
		{5CE2ED00-6C74-42C0-9DEC-025D1A41B07F} = {B02D41CB-7788-458E-9475-CCC1BC446FA3}
		{A79C1CF1-B6FC-4EAB-956A-80F2EE87B4E6} = {B02D41CB-7788-458E-9475-CCC1BC446FA3}
		{4FE915C8-4580-470D-8C26-DD3436FFB866} = {B02D41CB-7788-458E-9475-CCC1BC446FA3}
	EndGlobalSection
	GlobalSection(ExtensibilityGlobals) = postSolution
		SolutionGuid = {CB4F8DAE-5D27-4E6D-91A5-53263B567DA3}
	EndGlobalSection
EndGlobal
